
Microsoft Visual Studio Solution File, Format Version 12.00
# Visual Studio Version 16
VisualStudioVersion = 16.0.30907.101
MinimumVisualStudioVersion = 10.0.40219.1
Project("{FAE04EC0-301F-11D3-BF4B-00C04F79EFBC}") = "Prax3", "Prax3\Prax3.csproj", "{0AB06E65-52B4-4B52-9768-5DD32DD6CA0A}"
EndProject
Global
	GlobalSection(SolutionConfigurationPlatforms) = preSolution
		Debug|Any CPU = Debug|Any CPU
		Release|Any CPU = Release|Any CPU
	EndGlobalSection
	GlobalSection(ProjectConfigurationPlatforms) = postSolution
		{0AB06E65-52B4-4B52-9768-5DD32DD6CA0A}.Debug|Any CPU.ActiveCfg = Debug|Any CPU
		{0AB06E65-52B4-4B52-9768-5DD32DD6CA0A}.Debug|Any CPU.Build.0 = Debug|Any CPU
		{0AB06E65-52B4-4B52-9768-5DD32DD6CA0A}.Release|Any CPU.ActiveCfg = Release|Any CPU
		{0AB06E65-52B4-4B52-9768-5DD32DD6CA0A}.Release|Any CPU.Build.0 = Release|Any CPU
	EndGlobalSection
	GlobalSection(SolutionProperties) = preSolution
		HideSolutionNode = FALSE
	EndGlobalSection
	GlobalSection(ExtensibilityGlobals) = postSolution
		SolutionGuid = {40D2C4C7-2105-4818-864D-4421FCA517BF}
	EndGlobalSection
EndGlobal
